
Microsoft Visual Studio Solution File, Format Version 12.00
# Visual Studio Version 16
VisualStudioVersion = 16.0.31019.35
MinimumVisualStudioVersion = 10.0.40219.1
Project("{FAE04EC0-301F-11D3-BF4B-00C04F79EFBC}") = "mrButton", "mrButton\mrButton.csproj", "{C41F8D38-1AE4-4989-A701-81EEF71B3D64}"
EndProject
Global
	GlobalSection(SolutionConfigurationPlatforms) = preSolution
		Debug|Any CPU = Debug|Any CPU
		Release|Any CPU = Release|Any CPU
	EndGlobalSection
	GlobalSection(ProjectConfigurationPlatforms) = postSolution
		{C41F8D38-1AE4-4989-A701-81EEF71B3D64}.Debug|Any CPU.ActiveCfg = Debug|Any CPU
		{C41F8D38-1AE4-4989-A701-81EEF71B3D64}.Debug|Any CPU.Build.0 = Debug|Any CPU
		{C41F8D38-1AE4-4989-A701-81EEF71B3D64}.Release|Any CPU.ActiveCfg = Release|Any CPU
		{C41F8D38-1AE4-4989-A701-81EEF71B3D64}.Release|Any CPU.Build.0 = Release|Any CPU
	EndGlobalSection
	GlobalSection(SolutionProperties) = preSolution
		HideSolutionNode = FALSE
	EndGlobalSection
	GlobalSection(ExtensibilityGlobals) = postSolution
		SolutionGuid = {5AEDB30F-5357-42BA-84CB-E642326EE014}
	EndGlobalSection
EndGlobal
